schema: '2.0'
stages:
  get-data:
    cmd: python '.calkit/notebook-stages/get-data/script.py'
    deps:
    - path: .calkit/notebook-stages/get-data/script.py
      hash: md5
      md5: 4e6af502d70995fc620a02c144fe7f86
      size: 320
    outs:
    - path: .calkit/notebook-stages/get-data/outs/df.parquet
      hash: md5
      md5: a865b154f279165c55d6b3a51184ba92
      size: 6939
  plot:
    cmd: python '.calkit/notebook-stages/plot/script.py'
    deps:
    - path: .calkit/notebook-stages/get-data/outs/df.parquet
      hash: md5
      md5: a865b154f279165c55d6b3a51184ba92
      size: 6939
    - path: .calkit/notebook-stages/plot/script.py
      hash: md5
      md5: 5daac0113ab7356a75657eae4fa0d3fa
      size: 369
    outs:
    - path: .calkit/notebook-stages/plot/outs/fig.pickle
      hash: md5
      md5: 0404bc9065c6c43083ad720d8e330571
      size: 22370
    - path: figures/plot.png
      hash: md5
      md5: f17a8c3d6436659199984f2e15fa3895
      size: 33917
