schema: '2.0'
stages:
  _check-env-main:
    cmd: calkit check environment --name main
    deps:
    - path: requirements.txt
      hash: md5
      md5: 71b70ae67fe5d25ea43a603ebd55ce97
      size: 82
    outs:
    - path: .calkit/env-locks/main.txt
      hash: md5
      md5: d7690597a33ac72cd9fde4fd9274c2b6
      size: 3090
  _clean-nb-run-notebook:
    cmd: calkit nb clean "notebook.ipynb"
    deps:
    - path: notebook.ipynb
      hash: md5
      md5: 50e42911e9cac47684084a71486666e7
      size: 53861
    outs:
    - path: .calkit/notebooks/cleaned/notebook.ipynb
      hash: md5
      md5: ff63fb0b1ef9089541169ea0dd6086ee
      size: 2397
  get-data:
    cmd: calkit xenv -n main -- python ".calkit/notebook-stages/get-data/script.py"
    deps:
    - path: .calkit/notebook-stages/get-data/script.py
      hash: md5
      md5: 4e6af502d70995fc620a02c144fe7f86
      size: 320
    outs:
    - path: .calkit/notebook-stages/get-data/outs/df.parquet
      hash: md5
      md5: 841af510b89ee4329f2475a609570910
      size: 6848
  plot:
    cmd: calkit xenv -n main -- python ".calkit/notebook-stages/plot/script.py"
    deps:
    - path: .calkit/notebook-stages/get-data/outs/df.parquet
      hash: md5
      md5: 841af510b89ee4329f2475a609570910
      size: 6848
    - path: .calkit/notebook-stages/plot/script.py
      hash: md5
      md5: 5daac0113ab7356a75657eae4fa0d3fa
      size: 369
    outs:
    - path: .calkit/notebook-stages/plot/outs/fig.pickle
      hash: md5
      md5: e11c7846032ba431b49fee7c86e7c92c
      size: 11265
    - path: figures/plot.png
      hash: md5
      md5: f17a8c3d6436659199984f2e15fa3895
      size: 33917
  run-notebook:
    cmd: calkit nb execute --environment main --no-check --to html "notebook.ipynb"
    deps:
    - path: .calkit/env-locks/main
      hash: md5
      md5: 8990c1a5318830e344cb098aff8e611c.dir
      size: 3719
      nfiles: 1
    - path: .calkit/notebooks/cleaned/notebook.ipynb
      hash: md5
      md5: 1ccd5fbac9acc3da193699720e3ff579
      size: 2301
    outs:
    - path: .calkit/notebooks/html/notebook.html
      hash: md5
      md5: 68bac61816ad4d0437a8ffa61bed9922
      size: 275446
